
Microsoft Visual Studio Solution File, Format Version 12.00
# Visual Studio Version 17
VisualStudioVersion = 17.13.35913.81 d17.13
MinimumVisualStudioVersion = 10.0.40219.1
Project("{FAE04EC0-301F-11D3-BF4B-00C04F79EFBC}") = "VandaliaCentral", "VandaliaCentral\VandaliaCentral.csproj", "{5C95CF2C-E852-4FF0-AF4B-D69F9985856A}"
EndProject
Global
	GlobalSection(SolutionConfigurationPlatforms) = preSolution
		Debug|Any CPU = Debug|Any CPU
		Release|Any CPU = Release|Any CPU
	EndGlobalSection
	GlobalSection(ProjectConfigurationPlatforms) = postSolution
		{5C95CF2C-E852-4FF0-AF4B-D69F9985856A}.Debug|Any CPU.ActiveCfg = Debug|Any CPU
		{5C95CF2C-E852-4FF0-AF4B-D69F9985856A}.Debug|Any CPU.Build.0 = Debug|Any CPU
		{5C95CF2C-E852-4FF0-AF4B-D69F9985856A}.Release|Any CPU.ActiveCfg = Release|Any CPU
		{5C95CF2C-E852-4FF0-AF4B-D69F9985856A}.Release|Any CPU.Build.0 = Release|Any CPU
	EndGlobalSection
	GlobalSection(SolutionProperties) = preSolution
		HideSolutionNode = FALSE
	EndGlobalSection
	GlobalSection(ExtensibilityGlobals) = postSolution
		SolutionGuid = {34CF7CBC-414E-48A8-8FDF-7919CC6F04E2}
	EndGlobalSection
EndGlobal
